
Microsoft Visual Studio Solution File, Format Version 12.00
# Visual Studio Version 17
VisualStudioVersion = 17.0.31912.275
MinimumVisualStudioVersion = 10.0.40219.1
Project("{FAE04EC0-301F-11D3-BF4B-00C04F79EFBC}") = "ShoppingSystem", "ShoppingSystem.csproj", "{56584034-A5C4-4214-8CC2-5B70F105C1DE}"
EndProject
Global
	GlobalSection(SolutionConfigurationPlatforms) = preSolution
		Debug|Any CPU = Debug|Any CPU
		Release|Any CPU = Release|Any CPU
	EndGlobalSection
	GlobalSection(ProjectConfigurationPlatforms) = postSolution
		{56584034-A5C4-4214-8CC2-5B70F105C1DE}.Debug|Any CPU.ActiveCfg = Debug|Any CPU
		{56584034-A5C4-4214-8CC2-5B70F105C1DE}.Debug|Any CPU.Build.0 = Debug|Any CPU
		{56584034-A5C4-4214-8CC2-5B70F105C1DE}.Release|Any CPU.ActiveCfg = Release|Any CPU
		{56584034-A5C4-4214-8CC2-5B70F105C1DE}.Release|Any CPU.Build.0 = Release|Any CPU
	EndGlobalSection
	GlobalSection(SolutionProperties) = preSolution
		HideSolutionNode = FALSE
	EndGlobalSection
	GlobalSection(ExtensibilityGlobals) = postSolution
		SolutionGuid = {7AA11068-5DC3-498E-A5C0-459B274054CF}
	EndGlobalSection
EndGlobal
